
Microsoft Visual Studio Solution File, Format Version 12.00
# Visual Studio 2013
VisualStudioVersion = 12.0.31101.0
MinimumVisualStudioVersion = 10.0.40219.1
Project("{FAE04EC0-301F-11D3-BF4B-00C04F79EFBC}") = "LibrayUnitTest", "LibrayUnitTest\LibrayUnitTest.csproj", "{BA3E648E-489C-434D-8D25-2162899289CA}"
EndProject
Project("{FAE04EC0-301F-11D3-BF4B-00C04F79EFBC}") = "SuperLibray", "..\SuperLibray\SuperLibray\SuperLibray.csproj", "{2B9BBA85-6D35-4008-9120-B221C3FE58F6}"
EndProject
Global
	GlobalSection(SolutionConfigurationPlatforms) = preSolution
		Debug|Any CPU = Debug|Any CPU
		Release|Any CPU = Release|Any CPU
	EndGlobalSection
	GlobalSection(ProjectConfigurationPlatforms) = postSolution
		{BA3E648E-489C-434D-8D25-2162899289CA}.Debug|Any CPU.ActiveCfg = Debug|Any CPU
		{BA3E648E-489C-434D-8D25-2162899289CA}.Debug|Any CPU.Build.0 = Debug|Any CPU
		{BA3E648E-489C-434D-8D25-2162899289CA}.Release|Any CPU.ActiveCfg = Release|Any CPU
		{BA3E648E-489C-434D-8D25-2162899289CA}.Release|Any CPU.Build.0 = Release|Any CPU
		{2B9BBA85-6D35-4008-9120-B221C3FE58F6}.Debug|Any CPU.ActiveCfg = Debug|Any CPU
		{2B9BBA85-6D35-4008-9120-B221C3FE58F6}.Debug|Any CPU.Build.0 = Debug|Any CPU
		{2B9BBA85-6D35-4008-9120-B221C3FE58F6}.Release|Any CPU.ActiveCfg = Release|Any CPU
		{2B9BBA85-6D35-4008-9120-B221C3FE58F6}.Release|Any CPU.Build.0 = Release|Any CPU
	EndGlobalSection
	GlobalSection(SolutionProperties) = preSolution
		HideSolutionNode = FALSE
	EndGlobalSection
EndGlobal
